
Microsoft Visual Studio Solution File, Format Version 12.00
# Visual Studio Version 16
VisualStudioVersion = 16.0.29728.190
MinimumVisualStudioVersion = 10.0.40219.1
Project("{2150E333-8FDC-42A3-9474-1A3956D46DE8}") = "src", "src", "{D9DC57F2-2311-400B-8E1E-BEE8AE8F0E07}"
EndProject
Project("{2150E333-8FDC-42A3-9474-1A3956D46DE8}") = "tests", "tests", "{96DA3373-63AF-4AF5-A57C-34BD5D193796}"
EndProject
Project("{2150E333-8FDC-42A3-9474-1A3956D46DE8}") = "1-entrypoint", "1-entrypoint", "{E0B3A5C8-C4B8-4A79-BC86-D6E1AB354240}"
EndProject
Project("{2150E333-8FDC-42A3-9474-1A3956D46DE8}") = "2-core", "2-core", "{7C6A6A7D-1D94-400A-8DB7-D26215173DC9}"
EndProject
Project("{2150E333-8FDC-42A3-9474-1A3956D46DE8}") = "3-infrastructure", "3-infrastructure", "{65999155-2A7B-4769-B5A0-C33B581B53F8}"
EndProject
Project("{9A19103F-16F7-4668-BE54-9A1E7A4F7556}") = "Logstore.Pedidos.Domain", "src\Logstore.Pedidos.Domain\Logstore.Pedidos.Domain.csproj", "{57166443-3C15-4A1C-AAA2-9863D8321509}"
EndProject
Project("{2150E333-8FDC-42A3-9474-1A3956D46DE8}") = "1-core", "1-core", "{11445663-AC12-45C9-B7A0-E189C5292D5B}"
EndProject
Project("{9A19103F-16F7-4668-BE54-9A1E7A4F7556}") = "Logstore.Pedidos.Application", "src\Logstore.Pedidos.Application\Logstore.Pedidos.Application.csproj", "{63462AC4-B32F-485C-81D7-0030B613E79D}"
EndProject
Project("{9A19103F-16F7-4668-BE54-9A1E7A4F7556}") = "Logstore.Pedidos.Infrastructure.Bootstrap", "src\Logstore.Pedidos.Infrastructure.DependencyInjection\Logstore.Pedidos.Infrastructure.Bootstrap.csproj", "{DF59182D-68D4-415D-A47B-EEB3D3E5C29A}"
EndProject
Project("{9A19103F-16F7-4668-BE54-9A1E7A4F7556}") = "Logstore.Pedidos.Infrastructure.Shared", "src\Logstore.Pedidos.Infrastructure.Shared\Logstore.Pedidos.Infrastructure.Shared.csproj", "{A3FBAC4D-682E-4E2D-9D6A-B4CB090796B2}"
EndProject
Project("{9A19103F-16F7-4668-BE54-9A1E7A4F7556}") = "Logstore.Pedidos.Infrastructure.Data", "src\Logstore.Pedidos.Infrastructure.Data\Logstore.Pedidos.Infrastructure.Data.csproj", "{E864D98B-38C2-446F-B8C9-D0C01731A1A8}"
EndProject
Project("{9A19103F-16F7-4668-BE54-9A1E7A4F7556}") = "Logstore.Pedidos.Application.Tests", "tests\Logstore.Pedidos.Application.Tests\Logstore.Pedidos.Application.Tests.csproj", "{C2E898E6-A554-43F9-A7EF-EE525A83CD3E}"
EndProject
Project("{9A19103F-16F7-4668-BE54-9A1E7A4F7556}") = "Logstore.Pedidos.Api", "src\Logstore.Pedidos.Api\Logstore.Pedidos.Api.csproj", "{6500F71A-AECB-4C91-A6A0-C9C1BFC18E82}"
EndProject
Global
	GlobalSection(SolutionConfigurationPlatforms) = preSolution
		Debug|Any CPU = Debug|Any CPU
		Release|Any CPU = Release|Any CPU
	EndGlobalSection
	GlobalSection(ProjectConfigurationPlatforms) = postSolution
		{57166443-3C15-4A1C-AAA2-9863D8321509}.Debug|Any CPU.ActiveCfg = Debug|Any CPU
		{57166443-3C15-4A1C-AAA2-9863D8321509}.Debug|Any CPU.Build.0 = Debug|Any CPU
		{57166443-3C15-4A1C-AAA2-9863D8321509}.Release|Any CPU.ActiveCfg = Release|Any CPU
		{57166443-3C15-4A1C-AAA2-9863D8321509}.Release|Any CPU.Build.0 = Release|Any CPU
		{63462AC4-B32F-485C-81D7-0030B613E79D}.Debug|Any CPU.ActiveCfg = Debug|Any CPU
		{63462AC4-B32F-485C-81D7-0030B613E79D}.Debug|Any CPU.Build.0 = Debug|Any CPU
		{63462AC4-B32F-485C-81D7-0030B613E79D}.Release|Any CPU.ActiveCfg = Release|Any CPU
		{63462AC4-B32F-485C-81D7-0030B613E79D}.Release|Any CPU.Build.0 = Release|Any CPU
		{DF59182D-68D4-415D-A47B-EEB3D3E5C29A}.Debug|Any CPU.ActiveCfg = Debug|Any CPU
		{DF59182D-68D4-415D-A47B-EEB3D3E5C29A}.Debug|Any CPU.Build.0 = Debug|Any CPU
		{DF59182D-68D4-415D-A47B-EEB3D3E5C29A}.Release|Any CPU.ActiveCfg = Release|Any CPU
		{DF59182D-68D4-415D-A47B-EEB3D3E5C29A}.Release|Any CPU.Build.0 = Release|Any CPU
		{A3FBAC4D-682E-4E2D-9D6A-B4CB090796B2}.Debug|Any CPU.ActiveCfg = Debug|Any CPU
		{A3FBAC4D-682E-4E2D-9D6A-B4CB090796B2}.Debug|Any CPU.Build.0 = Debug|Any CPU
		{A3FBAC4D-682E-4E2D-9D6A-B4CB090796B2}.Release|Any CPU.ActiveCfg = Release|Any CPU
		{A3FBAC4D-682E-4E2D-9D6A-B4CB090796B2}.Release|Any CPU.Build.0 = Release|Any CPU
		{E864D98B-38C2-446F-B8C9-D0C01731A1A8}.Debug|Any CPU.ActiveCfg = Debug|Any CPU
		{E864D98B-38C2-446F-B8C9-D0C01731A1A8}.Debug|Any CPU.Build.0 = Debug|Any CPU
		{E864D98B-38C2-446F-B8C9-D0C01731A1A8}.Release|Any CPU.ActiveCfg = Release|Any CPU
		{E864D98B-38C2-446F-B8C9-D0C01731A1A8}.Release|Any CPU.Build.0 = Release|Any CPU
		{C2E898E6-A554-43F9-A7EF-EE525A83CD3E}.Debug|Any CPU.ActiveCfg = Debug|Any CPU
		{C2E898E6-A554-43F9-A7EF-EE525A83CD3E}.Debug|Any CPU.Build.0 = Debug|Any CPU
		{C2E898E6-A554-43F9-A7EF-EE525A83CD3E}.Release|Any CPU.ActiveCfg = Release|Any CPU
		{C2E898E6-A554-43F9-A7EF-EE525A83CD3E}.Release|Any CPU.Build.0 = Release|Any CPU
		{6500F71A-AECB-4C91-A6A0-C9C1BFC18E82}.Debug|Any CPU.ActiveCfg = Debug|Any CPU
		{6500F71A-AECB-4C91-A6A0-C9C1BFC18E82}.Debug|Any CPU.Build.0 = Debug|Any CPU
		{6500F71A-AECB-4C91-A6A0-C9C1BFC18E82}.Release|Any CPU.ActiveCfg = Release|Any CPU
		{6500F71A-AECB-4C91-A6A0-C9C1BFC18E82}.Release|Any CPU.Build.0 = Release|Any CPU
	EndGlobalSection
	GlobalSection(SolutionProperties) = preSolution
		HideSolutionNode = FALSE
	EndGlobalSection
	GlobalSection(NestedProjects) = preSolution
		{E0B3A5C8-C4B8-4A79-BC86-D6E1AB354240} = {D9DC57F2-2311-400B-8E1E-BEE8AE8F0E07}
		{7C6A6A7D-1D94-400A-8DB7-D26215173DC9} = {D9DC57F2-2311-400B-8E1E-BEE8AE8F0E07}
		{65999155-2A7B-4769-B5A0-C33B581B53F8} = {D9DC57F2-2311-400B-8E1E-BEE8AE8F0E07}
		{57166443-3C15-4A1C-AAA2-9863D8321509} = {7C6A6A7D-1D94-400A-8DB7-D26215173DC9}
		{11445663-AC12-45C9-B7A0-E189C5292D5B} = {96DA3373-63AF-4AF5-A57C-34BD5D193796}
		{63462AC4-B32F-485C-81D7-0030B613E79D} = {7C6A6A7D-1D94-400A-8DB7-D26215173DC9}
		{DF59182D-68D4-415D-A47B-EEB3D3E5C29A} = {65999155-2A7B-4769-B5A0-C33B581B53F8}
		{A3FBAC4D-682E-4E2D-9D6A-B4CB090796B2} = {65999155-2A7B-4769-B5A0-C33B581B53F8}
		{E864D98B-38C2-446F-B8C9-D0C01731A1A8} = {65999155-2A7B-4769-B5A0-C33B581B53F8}
		{C2E898E6-A554-43F9-A7EF-EE525A83CD3E} = {11445663-AC12-45C9-B7A0-E189C5292D5B}
		{6500F71A-AECB-4C91-A6A0-C9C1BFC18E82} = {E0B3A5C8-C4B8-4A79-BC86-D6E1AB354240}
	EndGlobalSection
	GlobalSection(ExtensibilityGlobals) = postSolution
		SolutionGuid = {CCBF2F9E-5409-4D58-A0EA-5A0733748135}
	EndGlobalSection
EndGlobal
